github.com/couchbase/gomemcached v0.1.1 h1:xCS8ZglJDhrlQg3jmK7Rn1V8f7bPjXABLC05CgLQauc=
github.com/couchbase/gomemcached v0.1.1/go.mod h1:mxliKQxOv84gQ0bJWbI+w9Wxdpt9HjDvgW9MjCym5Vo=
github.com/couchbase/gomemcached v0.1.2-0.20201216195009-d0bafc05d04e h1:1paCepxhRJaewm8pTo5PC/0xPvVdrKVhn1+5ayuO2yY=
github.com/couchbase/gomemcached v0.1.2-0.20201216195009-d0bafc05d04e/go.mod h1:mxliKQxOv84gQ0bJWbI+w9Wxdpt9HjDvgW9MjCym5Vo=
github.com/couchbase/goutils v0.0.0-20201030094643-5e82bb967e67 h1:NCqJ6fwen6YP0WlV/IyibaT0kPt3JEI1rA62V/UPKT4=
github.com/couchbase/goutils v0.0.0-20201030094643-5e82bb967e67/go.mod h1:BQwMFlJzDjFDG3DJUdU0KORxn88UlsOULuxLExMh3Hs=
github.com/pkg/errors v0.9.1 h1:FEBLx1zS214owpjy7qsBeixbURkuhQAwrK5UwLGTwt4=
github.com/pkg/errors v0.9.1/go.mod h1:bwawxfHBFNV+L2hUp1rHADufV3IMtnDRdf1r5NINEl0=
golang.org/x/crypto v0.0.0-20190308221718-c2843e01d9a2/go.mod h1:djNgcEr1/C05ACkg1iLfiJU5Ep61QUkGW8qpdssI0+w=
golang.org/x/crypto v0.0.0-20201221181555-eec23a3978ad h1:DN0cp81fZ3njFcrLCytUHRSUkqBjfTo4Tx9RJTWs0EY=
golang.org/x/crypto v0.0.0-20201221181555-eec23a3978ad/go.mod h1:jdWPYTVW3xRLrWPugEBEK3UY2ZEsg3UU495nc5E+M+I=
golang.org/x/net v0.0.0-20190404232315-eb5bcb51f2a3/go.mod h1:t9HGtf8HONx5eT2rtn7q6eTqICYqUVnKs3thJo3Qplg=
golang.org/x/sys v0.0.0-20190215142949-d0b11bdaac8a/go.mod h1:STP8DvDyc/dI5b8T5hshtkjS+E42TnysNCUPdjciGhY=
golang.org/x/sys v0.0.0-20191026070338-33540a1f6037/go.mod h1:h1NjWce9XRLGQEsW7wpKNCjG9DtNlClVuFLEZdDNbEs=
golang.org/x/term v0.0.0-20201117132131-f5c789dd3221/go.mod h1:Nr5EML6q2oocZ2LXRh80K7BxOlk5/8JxuGnuhpl+muw=
golang.org/x/text v0.3.0/go.mod h1:NqM8EUOU14njkJ3fqMW+pc6Ldnwhi/IjpwHt7yyuwOQ=
